
Microsoft Visual Studio Solution File, Format Version 12.00
# Visual Studio Version 16
VisualStudioVersion = 16.0.31729.503
MinimumVisualStudioVersion = 10.0.40219.1
Project("{8BC9CEB8-8B4A-11D0-8D11-00A0C91BC942}") = "twnlt", "twnlt\twnlt.vcxproj", "{7F4B8F26-C77D-4644-958D-680F75945F28}"
EndProject
Global
	GlobalSection(SolutionConfigurationPlatforms) = preSolution
		Debug|x64 = Debug|x64
		Release|x64 = Release|x64
	EndGlobalSection
	GlobalSection(ProjectConfigurationPlatforms) = postSolution
		{7F4B8F26-C77D-4644-958D-680F75945F28}.Debug|x64.ActiveCfg = Debug|x64
		{7F4B8F26-C77D-4644-958D-680F75945F28}.Debug|x64.Build.0 = Debug|x64
		{7F4B8F26-C77D-4644-958D-680F75945F28}.Release|x64.ActiveCfg = Release|x64
		{7F4B8F26-C77D-4644-958D-680F75945F28}.Release|x64.Build.0 = Release|x64
	EndGlobalSection
	GlobalSection(SolutionProperties) = preSolution
		HideSolutionNode = FALSE
	EndGlobalSection
	GlobalSection(ExtensibilityGlobals) = postSolution
		SolutionGuid = {9F66F675-A8B9-4E43-822D-D5851F2EF540}
	EndGlobalSection
EndGlobal
